
Microsoft Visual Studio Solution File, Format Version 12.00
# Visual Studio Version 16
VisualStudioVersion = 16.0.31702.278
MinimumVisualStudioVersion = 10.0.40219.1
Project("{FAE04EC0-301F-11D3-BF4B-00C04F79EFBC}") = "projeto-teste", "projeto-teste\projeto-teste.csproj", "{52B7028E-A17A-41A4-BDDC-E95A1F4755C3}"
EndProject
Global
	GlobalSection(SolutionConfigurationPlatforms) = preSolution
		Debug|Any CPU = Debug|Any CPU
		Release|Any CPU = Release|Any CPU
	EndGlobalSection
	GlobalSection(ProjectConfigurationPlatforms) = postSolution
		{52B7028E-A17A-41A4-BDDC-E95A1F4755C3}.Debug|Any CPU.ActiveCfg = Debug|Any CPU
		{52B7028E-A17A-41A4-BDDC-E95A1F4755C3}.Debug|Any CPU.Build.0 = Debug|Any CPU
		{52B7028E-A17A-41A4-BDDC-E95A1F4755C3}.Release|Any CPU.ActiveCfg = Release|Any CPU
		{52B7028E-A17A-41A4-BDDC-E95A1F4755C3}.Release|Any CPU.Build.0 = Release|Any CPU
	EndGlobalSection
	GlobalSection(SolutionProperties) = preSolution
		HideSolutionNode = FALSE
	EndGlobalSection
	GlobalSection(ExtensibilityGlobals) = postSolution
		SolutionGuid = {59AE82B1-49DD-4E20-8F24-AF0370DA9D10}
	EndGlobalSection
EndGlobal
